
Microsoft Visual Studio Solution File, Format Version 12.00
Project("{FAE04EC0-301F-11D3-BF4B-00C04F79EFBC}") = "Lab1", "Lab1\Lab1.csproj", "{A5071A9B-3E0F-4467-9EC4-7B5919B72E4D}"
EndProject
Global
	GlobalSection(SolutionConfigurationPlatforms) = preSolution
		Debug|Any CPU = Debug|Any CPU
		Release|Any CPU = Release|Any CPU
	EndGlobalSection
	GlobalSection(ProjectConfigurationPlatforms) = postSolution
		{A5071A9B-3E0F-4467-9EC4-7B5919B72E4D}.Debug|Any CPU.ActiveCfg = Debug|Any CPU
		{A5071A9B-3E0F-4467-9EC4-7B5919B72E4D}.Debug|Any CPU.Build.0 = Debug|Any CPU
		{A5071A9B-3E0F-4467-9EC4-7B5919B72E4D}.Release|Any CPU.ActiveCfg = Release|Any CPU
		{A5071A9B-3E0F-4467-9EC4-7B5919B72E4D}.Release|Any CPU.Build.0 = Release|Any CPU
	EndGlobalSection
EndGlobal
